
Microsoft Visual Studio Solution File, Format Version 12.00
# Visual Studio 2013
VisualStudioVersion = 12.0.31101.0
MinimumVisualStudioVersion = 10.0.40219.1
Project("{FAE04EC0-301F-11D3-BF4B-00C04F79EFBC}") = "Website", "Website\Website.csproj", "{A70F3696-BA69-4714-836A-6E17E55612D2}"
EndProject
Project("{FAE04EC0-301F-11D3-BF4B-00C04F79EFBC}") = "Website.Data", "Website.Data\Website.Data.csproj", "{F01CEC7B-204A-4BA1-8EB7-B196CECC6B68}"
EndProject
Global
	GlobalSection(SolutionConfigurationPlatforms) = preSolution
		Debug|Any CPU = Debug|Any CPU
		Release|Any CPU = Release|Any CPU
	EndGlobalSection
	GlobalSection(ProjectConfigurationPlatforms) = postSolution
		{A70F3696-BA69-4714-836A-6E17E55612D2}.Debug|Any CPU.ActiveCfg = Debug|Any CPU
		{A70F3696-BA69-4714-836A-6E17E55612D2}.Debug|Any CPU.Build.0 = Debug|Any CPU
		{A70F3696-BA69-4714-836A-6E17E55612D2}.Release|Any CPU.ActiveCfg = Release|Any CPU
		{A70F3696-BA69-4714-836A-6E17E55612D2}.Release|Any CPU.Build.0 = Release|Any CPU
		{F01CEC7B-204A-4BA1-8EB7-B196CECC6B68}.Debug|Any CPU.ActiveCfg = Debug|Any CPU
		{F01CEC7B-204A-4BA1-8EB7-B196CECC6B68}.Debug|Any CPU.Build.0 = Debug|Any CPU
		{F01CEC7B-204A-4BA1-8EB7-B196CECC6B68}.Release|Any CPU.ActiveCfg = Release|Any CPU
		{F01CEC7B-204A-4BA1-8EB7-B196CECC6B68}.Release|Any CPU.Build.0 = Release|Any CPU
	EndGlobalSection
	GlobalSection(SolutionProperties) = preSolution
		HideSolutionNode = FALSE
	EndGlobalSection
EndGlobal
